
Microsoft Visual Studio Solution File, Format Version 12.00
# Visual Studio Version 16
VisualStudioVersion = 16.0.31729.503
MinimumVisualStudioVersion = 10.0.40219.1
Project("{FAE04EC0-301F-11D3-BF4B-00C04F79EFBC}") = "LinkedList1", "LinkedList1\LinkedList1.csproj", "{00C0ABB5-DC61-4FEB-8ACE-FCF7C97A2E0F}"
EndProject
Global
	GlobalSection(SolutionConfigurationPlatforms) = preSolution
		Debug|Any CPU = Debug|Any CPU
		Release|Any CPU = Release|Any CPU
	EndGlobalSection
	GlobalSection(ProjectConfigurationPlatforms) = postSolution
		{00C0ABB5-DC61-4FEB-8ACE-FCF7C97A2E0F}.Debug|Any CPU.ActiveCfg = Debug|Any CPU
		{00C0ABB5-DC61-4FEB-8ACE-FCF7C97A2E0F}.Debug|Any CPU.Build.0 = Debug|Any CPU
		{00C0ABB5-DC61-4FEB-8ACE-FCF7C97A2E0F}.Release|Any CPU.ActiveCfg = Release|Any CPU
		{00C0ABB5-DC61-4FEB-8ACE-FCF7C97A2E0F}.Release|Any CPU.Build.0 = Release|Any CPU
	EndGlobalSection
	GlobalSection(SolutionProperties) = preSolution
		HideSolutionNode = FALSE
	EndGlobalSection
	GlobalSection(ExtensibilityGlobals) = postSolution
		SolutionGuid = {FE50729B-A349-4AB5-8F81-96C24DDA2B46}
	EndGlobalSection
EndGlobal
